
Microsoft Visual Studio Solution File, Format Version 12.00
# Visual Studio Version 17
VisualStudioVersion = 17.11.35312.102
MinimumVisualStudioVersion = 10.0.40219.1
Project("{FAE04EC0-301F-11D3-BF4B-00C04F79EFBC}") = "ModernisedJournalism", "ModernisedJournalism\ModernisedJournalism.csproj", "{5F9AED01-0092-4997-836B-989A65E99375}"
EndProject
Global
	GlobalSection(SolutionConfigurationPlatforms) = preSolution
		Debug|Any CPU = Debug|Any CPU
		Release|Any CPU = Release|Any CPU
	EndGlobalSection
	GlobalSection(ProjectConfigurationPlatforms) = postSolution
		{5F9AED01-0092-4997-836B-989A65E99375}.Debug|Any CPU.ActiveCfg = Debug|Any CPU
		{5F9AED01-0092-4997-836B-989A65E99375}.Debug|Any CPU.Build.0 = Debug|Any CPU
		{5F9AED01-0092-4997-836B-989A65E99375}.Release|Any CPU.ActiveCfg = Release|Any CPU
		{5F9AED01-0092-4997-836B-989A65E99375}.Release|Any CPU.Build.0 = Release|Any CPU
	EndGlobalSection
	GlobalSection(SolutionProperties) = preSolution
		HideSolutionNode = FALSE
	EndGlobalSection
	GlobalSection(ExtensibilityGlobals) = postSolution
		SolutionGuid = {852F2684-64D9-4209-8F05-FCCFE330AB5A}
	EndGlobalSection
EndGlobal
